
Microsoft Visual Studio Solution File, Format Version 12.00
# Visual Studio Version 17
VisualStudioVersion = 17.4.33213.308
MinimumVisualStudioVersion = 10.0.40219.1
Project("{FAE04EC0-301F-11D3-BF4B-00C04F79EFBC}") = "EFCoreWebApp", "EFCoreWebApp\EFCoreWebApp.csproj", "{714122DF-1D21-4274-996A-3FD9EF8541DD}"
EndProject
Global
	GlobalSection(SolutionConfigurationPlatforms) = preSolution
		Debug|Any CPU = Debug|Any CPU
		Release|Any CPU = Release|Any CPU
	EndGlobalSection
	GlobalSection(ProjectConfigurationPlatforms) = postSolution
		{714122DF-1D21-4274-996A-3FD9EF8541DD}.Debug|Any CPU.ActiveCfg = Debug|Any CPU
		{714122DF-1D21-4274-996A-3FD9EF8541DD}.Debug|Any CPU.Build.0 = Debug|Any CPU
		{714122DF-1D21-4274-996A-3FD9EF8541DD}.Release|Any CPU.ActiveCfg = Release|Any CPU
		{714122DF-1D21-4274-996A-3FD9EF8541DD}.Release|Any CPU.Build.0 = Release|Any CPU
	EndGlobalSection
	GlobalSection(SolutionProperties) = preSolution
		HideSolutionNode = FALSE
	EndGlobalSection
	GlobalSection(ExtensibilityGlobals) = postSolution
		SolutionGuid = {58577C2C-93F1-443A-A532-1DA69D459270}
	EndGlobalSection
EndGlobal
