
Microsoft Visual Studio Solution File, Format Version 12.00
# Visual Studio Version 16
VisualStudioVersion = 25.0.1705.4
MinimumVisualStudioVersion = 10.0.40219.1
Project("{FAE04EC0-301F-11D3-BF4B-00C04F79EFBC}") = "StockAppWebApi", "StockAppWebApi\StockAppWebApi.csproj", "{FB6AAE73-C89F-4212-962B-42D3AE4CA811}"
EndProject
Global
	GlobalSection(SolutionConfigurationPlatforms) = preSolution
		Debug|Any CPU = Debug|Any CPU
		Release|Any CPU = Release|Any CPU
	EndGlobalSection
	GlobalSection(ProjectConfigurationPlatforms) = postSolution
		{FB6AAE73-C89F-4212-962B-42D3AE4CA811}.Debug|Any CPU.ActiveCfg = Debug|Any CPU
		{FB6AAE73-C89F-4212-962B-42D3AE4CA811}.Debug|Any CPU.Build.0 = Debug|Any CPU
		{FB6AAE73-C89F-4212-962B-42D3AE4CA811}.Release|Any CPU.ActiveCfg = Release|Any CPU
		{FB6AAE73-C89F-4212-962B-42D3AE4CA811}.Release|Any CPU.Build.0 = Release|Any CPU
	EndGlobalSection
	GlobalSection(SolutionProperties) = preSolution
		HideSolutionNode = FALSE
	EndGlobalSection
	GlobalSection(ExtensibilityGlobals) = postSolution
		SolutionGuid = {77C1C570-F0C3-41DA-A099-3A466DB0830B}
	EndGlobalSection
EndGlobal
